
Microsoft Visual Studio Solution File, Format Version 12.00
# Visual Studio Version 17
VisualStudioVersion = 17.5.33627.172
MinimumVisualStudioVersion = 10.0.40219.1
Project("{FAE04EC0-301F-11D3-BF4B-00C04F79EFBC}") = "n°_impares", "n°_impares\n°_impares.csproj", "{AF0B7165-FEE9-4D44-8AD7-3BD8C4D1013D}"
EndProject
Global
	GlobalSection(SolutionConfigurationPlatforms) = preSolution
		Debug|Any CPU = Debug|Any CPU
		Release|Any CPU = Release|Any CPU
	EndGlobalSection
	GlobalSection(ProjectConfigurationPlatforms) = postSolution
		{AF0B7165-FEE9-4D44-8AD7-3BD8C4D1013D}.Debug|Any CPU.ActiveCfg = Debug|Any CPU
		{AF0B7165-FEE9-4D44-8AD7-3BD8C4D1013D}.Debug|Any CPU.Build.0 = Debug|Any CPU
		{AF0B7165-FEE9-4D44-8AD7-3BD8C4D1013D}.Release|Any CPU.ActiveCfg = Release|Any CPU
		{AF0B7165-FEE9-4D44-8AD7-3BD8C4D1013D}.Release|Any CPU.Build.0 = Release|Any CPU
	EndGlobalSection
	GlobalSection(SolutionProperties) = preSolution
		HideSolutionNode = FALSE
	EndGlobalSection
	GlobalSection(ExtensibilityGlobals) = postSolution
		SolutionGuid = {E5566961-3C64-44F3-891C-D6DD8D117EA6}
	EndGlobalSection
EndGlobal
